{
  "name": "backend",
  "version": "1.0.0",
  "lockfileVersion": 3,
  "requires": true,
  "packages": {
    "": {
      "name": "backend",
      "version": "1.0.0",
      "license": "ISC",
      "dependencies": {
        "express": "github:types/express",
        "typescript": "^5.5.3"
      }
    },
    "node_modules/@types/node": {
      "version": "20.14.10",
      "resolved": "https://registry.npmjs.org/@types/node/-/node-20.14.10.tgz",
      "integrity": "sha512-MdiXf+nDuMvY0gJKxyfZ7/6UFsETO7mGKF54MVD/ekJS6HdFtpZFBgrh6Pseu64XTb2MLyFPlbW6hj8HYRQNOQ==",
      "peer": true,
      "dependencies": {
        "undici-types": "~5.26.4"
      }
    },
    "node_modules/@types/serve-static": {
      "version": "1.11.1",
      "resolved": "git+ssh://git@github.com/types/npm-serve-static.git#c1f96843c8b96a37f6c534cb1dadb48f5329e4e0",
      "integrity": "sha512-jvjowXgPD/9JiONlOJB2IrkxUqX8hgOGkcMbWbdSrJA+kvNO9ak8rW4DcVdVaYMp0Yj5iJsPmlFfOBfgr51yBw==",
      "peerDependencies": {
        "@types/node": "*"
      }
    },
    "node_modules/express": {
      "name": "@types/express",
      "version": "4.14.0",
      "resolved": "git+ssh://git@github.com/types/express.git#7670cf1cbce96b3159e3ff04a253926b34111220",
      "dependencies": {
        "@types/serve-static": "github:types/npm-serve-static#c1f96843c8b96a37f6c534cb1dadb48f5329e4e0",
        "path-to-regexp": "github:pillarjs/path-to-regexp#ec285ed3500aed455df59e3b8b07f473412918a4"
      },
      "peerDependencies": {
        "@types/node": "*"
      }
    },
    "node_modules/isarray": {
      "version": "0.0.1",
      "resolved": "https://registry.npmjs.org/isarray/-/isarray-0.0.1.tgz",
      "integrity": "sha512-D2S+3GLxWH+uhrNEcoh/fnmYeP8E8/zHl644d/jdA0g2uyXvy3sb0qxotE+ne0LtccHknQzWwZEzhak7oJ0COQ=="
    },
    "node_modules/path-to-regexp": {
      "version": "1.5.3",
      "resolved": "git+ssh://git@github.com/pillarjs/path-to-regexp.git#ec285ed3500aed455df59e3b8b07f473412918a4",
      "integrity": "sha512-pmFLFZT9b6T+dh1FqVc/FBTJQo/4bNO6H9OrsbVMGgJCdZQLXvSjivJN/yQ4NudyLyhj877qZ9Ci47VyI789XA==",
      "dependencies": {
        "isarray": "0.0.1"
      }
    },
    "node_modules/typescript": {
      "version": "5.5.3",
      "resolved": "https://registry.npmjs.org/typescript/-/typescript-5.5.3.tgz",
      "integrity": "sha512-/hreyEujaB0w76zKo6717l3L0o/qEUtRgdvUBvlkhoWeOVMjMuHNHk0BRBzikzuGDqNmPQbg5ifMEqsHLiIUcQ==",
      "bin": {
        "tsc": "bin/tsc",
        "tsserver": "bin/tsserver"
      },
      "engines": {
        "node": ">=14.17"
      }
    },
    "node_modules/undici-types": {
      "version": "5.26.5",
      "resolved": "https://registry.npmjs.org/undici-types/-/undici-types-5.26.5.tgz",
      "integrity": "sha512-JlCMO+ehdEIKqlFxk6IfVoAUVmgz7cU7zD/h9XZ0qzeosSHmUJVOzSQvvYSYWXkFXC+IfLKSIffhv0sVZup6pA==",
      "peer": true
    }
  }
}
